
Microsoft Visual Studio Solution File, Format Version 12.00
# Visual Studio Version 17
VisualStudioVersion = 17.6.33712.159
MinimumVisualStudioVersion = 10.0.40219.1
Project("{FAE04EC0-301F-11D3-BF4B-00C04F79EFBC}") = "TicTacToe", "Game\TicTacToe.csproj", "{95F11DCC-7A2A-427B-A7DB-755BD18A0AF5}"
EndProject
Project("{FAE04EC0-301F-11D3-BF4B-00C04F79EFBC}") = "Tests", "Tests\Tests.csproj", "{CC7DAB4A-C93C-4594-A3A6-26964FC5AD22}"
	ProjectSection(ProjectDependencies) = postProject
		{95F11DCC-7A2A-427B-A7DB-755BD18A0AF5} = {95F11DCC-7A2A-427B-A7DB-755BD18A0AF5}
	EndProjectSection
EndProject
Global
	GlobalSection(SolutionConfigurationPlatforms) = preSolution
		Debug|Any CPU = Debug|Any CPU
		Release|Any CPU = Release|Any CPU
	EndGlobalSection
	GlobalSection(ProjectConfigurationPlatforms) = postSolution
		{95F11DCC-7A2A-427B-A7DB-755BD18A0AF5}.Debug|Any CPU.ActiveCfg = Debug|Any CPU
		{95F11DCC-7A2A-427B-A7DB-755BD18A0AF5}.Debug|Any CPU.Build.0 = Debug|Any CPU
		{95F11DCC-7A2A-427B-A7DB-755BD18A0AF5}.Release|Any CPU.ActiveCfg = Release|Any CPU
		{95F11DCC-7A2A-427B-A7DB-755BD18A0AF5}.Release|Any CPU.Build.0 = Release|Any CPU
		{CC7DAB4A-C93C-4594-A3A6-26964FC5AD22}.Debug|Any CPU.ActiveCfg = Debug|Any CPU
		{CC7DAB4A-C93C-4594-A3A6-26964FC5AD22}.Debug|Any CPU.Build.0 = Debug|Any CPU
		{CC7DAB4A-C93C-4594-A3A6-26964FC5AD22}.Release|Any CPU.ActiveCfg = Release|Any CPU
		{CC7DAB4A-C93C-4594-A3A6-26964FC5AD22}.Release|Any CPU.Build.0 = Release|Any CPU
	EndGlobalSection
	GlobalSection(SolutionProperties) = preSolution
		HideSolutionNode = FALSE
	EndGlobalSection
	GlobalSection(ExtensibilityGlobals) = postSolution
		SolutionGuid = {A4BAF086-5D5E-4E1B-A5B9-4E55FC9CFC1B}
	EndGlobalSection
EndGlobal
